
Microsoft Visual Studio Solution File, Format Version 12.00
# Visual Studio Version 16
VisualStudioVersion = 16.0.30406.217
MinimumVisualStudioVersion = 10.0.40219.1
Project("{9A19103F-16F7-4668-BE54-9A1E7A4F7556}") = "BlazorPlatzi", "BlazorPlatzi\BlazorPlatzi.csproj", "{A9D03AAE-AEA3-48F1-AE68-F5BAD1CC93C9}"
EndProject
Project("{9A19103F-16F7-4668-BE54-9A1E7A4F7556}") = "Entities", "Entities\Entities.csproj", "{D95B7599-E0E0-4AB1-B167-1C2F7F814659}"
EndProject
Project("{9A19103F-16F7-4668-BE54-9A1E7A4F7556}") = "DataAccess", "DataAccess\DataAccess.csproj", "{D8773A8D-8031-4DF5-A0D8-FED63C7419C6}"
EndProject
Project("{FAE04EC0-301F-11D3-BF4B-00C04F79EFBC}") = "Business", "Business\Business.csproj", "{17B40810-BE9C-4CA3-8F25-1F69A548AC49}"
EndProject
Global
	GlobalSection(SolutionConfigurationPlatforms) = preSolution
		Debug|Any CPU = Debug|Any CPU
		Release|Any CPU = Release|Any CPU
	EndGlobalSection
	GlobalSection(ProjectConfigurationPlatforms) = postSolution
		{A9D03AAE-AEA3-48F1-AE68-F5BAD1CC93C9}.Debug|Any CPU.ActiveCfg = Debug|Any CPU
		{A9D03AAE-AEA3-48F1-AE68-F5BAD1CC93C9}.Debug|Any CPU.Build.0 = Debug|Any CPU
		{A9D03AAE-AEA3-48F1-AE68-F5BAD1CC93C9}.Release|Any CPU.ActiveCfg = Release|Any CPU
		{A9D03AAE-AEA3-48F1-AE68-F5BAD1CC93C9}.Release|Any CPU.Build.0 = Release|Any CPU
		{D95B7599-E0E0-4AB1-B167-1C2F7F814659}.Debug|Any CPU.ActiveCfg = Debug|Any CPU
		{D95B7599-E0E0-4AB1-B167-1C2F7F814659}.Debug|Any CPU.Build.0 = Debug|Any CPU
		{D95B7599-E0E0-4AB1-B167-1C2F7F814659}.Release|Any CPU.ActiveCfg = Release|Any CPU
		{D95B7599-E0E0-4AB1-B167-1C2F7F814659}.Release|Any CPU.Build.0 = Release|Any CPU
		{D8773A8D-8031-4DF5-A0D8-FED63C7419C6}.Debug|Any CPU.ActiveCfg = Debug|Any CPU
		{D8773A8D-8031-4DF5-A0D8-FED63C7419C6}.Debug|Any CPU.Build.0 = Debug|Any CPU
		{D8773A8D-8031-4DF5-A0D8-FED63C7419C6}.Release|Any CPU.ActiveCfg = Release|Any CPU
		{D8773A8D-8031-4DF5-A0D8-FED63C7419C6}.Release|Any CPU.Build.0 = Release|Any CPU
		{17B40810-BE9C-4CA3-8F25-1F69A548AC49}.Debug|Any CPU.ActiveCfg = Debug|Any CPU
		{17B40810-BE9C-4CA3-8F25-1F69A548AC49}.Debug|Any CPU.Build.0 = Debug|Any CPU
		{17B40810-BE9C-4CA3-8F25-1F69A548AC49}.Release|Any CPU.ActiveCfg = Release|Any CPU
		{17B40810-BE9C-4CA3-8F25-1F69A548AC49}.Release|Any CPU.Build.0 = Release|Any CPU
	EndGlobalSection
	GlobalSection(SolutionProperties) = preSolution
		HideSolutionNode = FALSE
	EndGlobalSection
	GlobalSection(ExtensibilityGlobals) = postSolution
		SolutionGuid = {D96C0E49-7754-47AB-BD95-EDABD69E1F0F}
	EndGlobalSection
EndGlobal
